
Microsoft Visual Studio Solution File, Format Version 12.00
# Visual Studio Version 16
VisualStudioVersion = 16.0.32413.511
MinimumVisualStudioVersion = 10.0.40219.1
Project("{FAE04EC0-301F-11D3-BF4B-00C04F79EFBC}") = "Kolekcije_ui", "Kolekcije_ui\Kolekcije_ui.csproj", "{60B905B8-CD08-44AA-88C7-05790A9935AE}"
EndProject
Global
	GlobalSection(SolutionConfigurationPlatforms) = preSolution
		Debug|Any CPU = Debug|Any CPU
		Release|Any CPU = Release|Any CPU
	EndGlobalSection
	GlobalSection(ProjectConfigurationPlatforms) = postSolution
		{60B905B8-CD08-44AA-88C7-05790A9935AE}.Debug|Any CPU.ActiveCfg = Debug|Any CPU
		{60B905B8-CD08-44AA-88C7-05790A9935AE}.Debug|Any CPU.Build.0 = Debug|Any CPU
		{60B905B8-CD08-44AA-88C7-05790A9935AE}.Release|Any CPU.ActiveCfg = Release|Any CPU
		{60B905B8-CD08-44AA-88C7-05790A9935AE}.Release|Any CPU.Build.0 = Release|Any CPU
	EndGlobalSection
	GlobalSection(SolutionProperties) = preSolution
		HideSolutionNode = FALSE
	EndGlobalSection
	GlobalSection(ExtensibilityGlobals) = postSolution
		SolutionGuid = {E421A2B4-2603-4F59-B028-027A917B5044}
	EndGlobalSection
EndGlobal
